// !$*UTF8*$!
{
	archiveVersion = 1;
	classes = {
	};
	objectVersion = 56;
	objects = {

/* Begin PBXBuildFile section */
		F873FC2C2968168400DED219 /* WidgetTestApp.swift in Sources */ = {isa = PBXBuildFile; fileRef = F873FC2B2968168400DED219 /* WidgetTestApp.swift */; };
		F873FC2E2968168400DED219 /* ContentView.swift in Sources */ = {isa = PBXBuildFile; fileRef = F873FC2D2968168400DED219 /* ContentView.swift */; };
		F873FC302968168500DED219 /* Assets.xcassets in Resources */ = {isa = PBXBuildFile; fileRef = F873FC2F2968168500DED219 /* Assets.xcassets */; };
		F873FC332968168500DED219 /* Preview Assets.xcassets in Resources */ = {isa = PBXBuildFile; fileRef = F873FC322968168500DED219 /* Preview Assets.xcassets */; };
		F873FC40296816D200DED219 /* WidgetKit.framework in Frameworks */ = {isa = PBXBuildFile; fileRef = F873FC3F296816D200DED219 /* WidgetKit.framework */; };
		F873FC42296816D200DED219 /* SwiftUI.framework in Frameworks */ = {isa = PBXBuildFile; fileRef = F873FC41296816D200DED219 /* SwiftUI.framework */; };
		F873FC45296816D200DED219 /* WidgetStaticTest.swift in Sources */ = {isa = PBXBuildFile; fileRef = F873FC44296816D200DED219 /* WidgetStaticTest.swift */; };
		F873FC47296816D300DED219 /* Assets.xcassets in Resources */ = {isa = PBXBuildFile; fileRef = F873FC46296816D300DED219 /* Assets.xcassets */; };
		F873FC4B296816D300DED219 /* WidgetStaticTestExtension.appex in Embed Foundation Extensions */ = {isa = PBXBuildFile; fileRef = F873FC3D296816D200DED219 /* WidgetStaticTestExtension.appex */; settings = {ATTRIBUTES = (RemoveHeadersOnCopy, ); }; };
		F873FC512968187B00DED219 /* WidgetContent.swift in Sources */ = {isa = PBXBuildFile; fileRef = F873FC502968187B00DED219 /* WidgetContent.swift */; };
		F873FC522968187B00DED219 /* WidgetContent.swift in Sources */ = {isa = PBXBuildFile; fileRef = F873FC502968187B00DED219 /* WidgetContent.swift */; };
		F873FC54296818A800DED219 /* EntryView.swift in Sources */ = {isa = PBXBuildFile; fileRef = F873FC53296818A800DED219 /* EntryView.swift */; };
		F873FC582968369400DED219 /* ContentManager.swift in Sources */ = {isa = PBXBuildFile; fileRef = F873FC572968369400DED219 /* ContentManager.swift */; };
		F873FC5A29686B4000DED219 /* DeepLinkView.swift in Sources */ = {isa = PBXBuildFile; fileRef = F873FC5929686B4000DED219 /* DeepLinkView.swift */; };
/* End PBXBuildFile section */

/* Begin PBXContainerItemProxy section */
		F873FC49296816D300DED219 /* PBXContainerItemProxy */ = {
			isa = PBXContainerItemProxy;
			containerPortal = F873FC202968168400DED219 /* Project object */;
			proxyType = 1;
			remoteGlobalIDString = F873FC3C296816D200DED219;
			remoteInfo = WidgetStaticTestExtension;
		};
/* End PBXContainerItemProxy section */

/* Begin PBXCopyFilesBuildPhase section */
		F873FC4F296816D300DED219 /* Embed Foundation Extensions */ = {
			isa = PBXCopyFilesBuildPhase;
			buildActionMask = 2147483647;
			dstPath = "";
			dstSubfolderSpec = 13;
			files = (
				F873FC4B296816D300DED219 /* WidgetStaticTestExtension.appex in Embed Foundation Extensions */,
			);
			name = "Embed Foundation Extensions";
			runOnlyForDeploymentPostprocessing = 0;
		};
/* End PBXCopyFilesBuildPhase section */

/* Begin PBXFileReference section */
		F873FC282968168400DED219 /* WidgetTest.app */ = {isa = PBXFileReference; explicitFileType = wrapper.application; includeInIndex = 0; path = WidgetTest.app; sourceTree = BUILT_PRODUCTS_DIR; };
		F873FC2B2968168400DED219 /* WidgetTestApp.swift */ = {isa = PBXFileReference; lastKnownFileType = sourcecode.swift; path = WidgetTestApp.swift; sourceTree = "<group>"; };
		F873FC2D2968168400DED219 /* ContentView.swift */ = {isa = PBXFileReference; lastKnownFileType = sourcecode.swift; path = ContentView.swift; sourceTree = "<group>"; };
		F873FC2F2968168500DED219 /* Assets.xcassets */ = {isa = PBXFileReference; lastKnownFileType = folder.assetcatalog; path = Assets.xcassets; sourceTree = "<group>"; };
		F873FC322968168500DED219 /* Preview Assets.xcassets */ = {isa = PBXFileReference; lastKnownFileType = folder.assetcatalog; path = "Preview Assets.xcassets"; sourceTree = "<group>"; };
		F873FC3D296816D200DED219 /* WidgetStaticTestExtension.appex */ = {isa = PBXFileReference; explicitFileType = "wrapper.app-extension"; includeInIndex = 0; path = WidgetStaticTestExtension.appex; sourceTree = BUILT_PRODUCTS_DIR; };
		F873FC3F296816D200DED219 /* WidgetKit.framework */ = {isa = PBXFileReference; lastKnownFileType = wrapper.framework; name = WidgetKit.framework; path = System/Library/Frameworks/WidgetKit.framework; sourceTree = SDKROOT; };
		F873FC41296816D200DED219 /* SwiftUI.framework */ = {isa = PBXFileReference; lastKnownFileType = wrapper.framework; name = SwiftUI.framework; path = System/Library/Frameworks/SwiftUI.framework; sourceTree = SDKROOT; };
		F873FC44296816D200DED219 /* WidgetStaticTest.swift */ = {isa = PBXFileReference; lastKnownFileType = sourcecode.swift; path = WidgetStaticTest.swift; sourceTree = "<group>"; };
		F873FC46296816D300DED219 /* Assets.xcassets */ = {isa = PBXFileReference; lastKnownFileType = folder.assetcatalog; path = Assets.xcassets; sourceTree = "<group>"; };
		F873FC48296816D300DED219 /* Info.plist */ = {isa = PBXFileReference; lastKnownFileType = text.plist.xml; path = Info.plist; sourceTree = "<group>"; };
		F873FC502968187B00DED219 /* WidgetContent.swift */ = {isa = PBXFileReference; lastKnownFileType = sourcecode.swift; path = WidgetContent.swift; sourceTree = "<group>"; };
		F873FC53296818A800DED219 /* EntryView.swift */ = {isa = PBXFileReference; lastKnownFileType = sourcecode.swift; path = EntryView.swift; sourceTree = "<group>"; };
		F873FC552968361B00DED219 /* WidgetTest.entitlements */ = {isa = PBXFileReference; lastKnownFileType = text.plist.entitlements; path = WidgetTest.entitlements; sourceTree = "<group>"; };
		F873FC562968367000DED219 /* WidgetStaticTestExtension.entitlements */ = {isa = PBXFileReference; lastKnownFileType = text.plist.entitlements; path = WidgetStaticTestExtension.entitlements; sourceTree = "<group>"; };
		F873FC572968369400DED219 /* ContentManager.swift */ = {isa = PBXFileReference; lastKnownFileType = sourcecode.swift; path = ContentManager.swift; sourceTree = "<group>"; };
		F873FC5929686B4000DED219 /* DeepLinkView.swift */ = {isa = PBXFileReference; lastKnownFileType = sourcecode.swift; path = DeepLinkView.swift; sourceTree = "<group>"; };
/* End PBXFileReference section */

/* Begin PBXFrameworksBuildPhase section */
		F873FC252968168400DED219 /* Frameworks */ = {
			isa = PBXFrameworksBuildPhase;
			buildActionMask = 2147483647;
			files = (
			);
			runOnlyForDeploymentPostprocessing = 0;
		};
		F873FC3A296816D200DED219 /* Frameworks */ = {
			isa = PBXFrameworksBuildPhase;
			buildActionMask = 2147483647;
			files = (
				F873FC42296816D200DED219 /* SwiftUI.framework in Frameworks */,
				F873FC40296816D200DED219 /* WidgetKit.framework in Frameworks */,
			);
			runOnlyForDeploymentPostprocessing = 0;
		};
/* End PBXFrameworksBuildPhase section */

/* Begin PBXGroup section */
		F873FC1F2968168400DED219 = {
			isa = PBXGroup;
			children = (
				F873FC562968367000DED219 /* WidgetStaticTestExtension.entitlements */,
				F873FC2A2968168400DED219 /* WidgetTest */,
				F873FC43296816D200DED219 /* WidgetStaticTest */,
				F873FC3E296816D200DED219 /* Frameworks */,
				F873FC292968168400DED219 /* Products */,
			);
			sourceTree = "<group>";
		};
		F873FC292968168400DED219 /* Products */ = {
			isa = PBXGroup;
			children = (
				F873FC282968168400DED219 /* WidgetTest.app */,
				F873FC3D296816D200DED219 /* WidgetStaticTestExtension.appex */,
			);
			name = Products;
			sourceTree = "<group>";
		};
		F873FC2A2968168400DED219 /* WidgetTest */ = {
			isa = PBXGroup;
			children = (
				F873FC552968361B00DED219 /* WidgetTest.entitlements */,
				F873FC2B2968168400DED219 /* WidgetTestApp.swift */,
				F873FC2D2968168400DED219 /* ContentView.swift */,
				F873FC2F2968168500DED219 /* Assets.xcassets */,
				F873FC312968168500DED219 /* Preview Content */,
				F873FC572968369400DED219 /* ContentManager.swift */,
				F873FC5929686B4000DED219 /* DeepLinkView.swift */,
			);
			path = WidgetTest;
			sourceTree = "<group>";
		};
		F873FC312968168500DED219 /* Preview Content */ = {
			isa = PBXGroup;
			children = (
				F873FC322968168500DED219 /* Preview Assets.xcassets */,
			);
			path = "Preview Content";
			sourceTree = "<group>";
		};
		F873FC3E296816D200DED219 /* Frameworks */ = {
			isa = PBXGroup;
			children = (
				F873FC3F296816D200DED219 /* WidgetKit.framework */,
				F873FC41296816D200DED219 /* SwiftUI.framework */,
			);
			name = Frameworks;
			sourceTree = "<group>";
		};
		F873FC43296816D200DED219 /* WidgetStaticTest */ = {
			isa = PBXGroup;
			children = (
				F873FC44296816D200DED219 /* WidgetStaticTest.swift */,
				F873FC46296816D300DED219 /* Assets.xcassets */,
				F873FC48296816D300DED219 /* Info.plist */,
				F873FC502968187B00DED219 /* WidgetContent.swift */,
				F873FC53296818A800DED219 /* EntryView.swift */,
			);
			path = WidgetStaticTest;
			sourceTree = "<group>";
		};
/* End PBXGroup section */

/* Begin PBXNativeTarget section */
		F873FC272968168400DED219 /* WidgetTest */ = {
			isa = PBXNativeTarget;
			buildConfigurationList = F873FC362968168500DED219 /* Build configuration list for PBXNativeTarget "WidgetTest" */;
			buildPhases = (
				F873FC242968168400DED219 /* Sources */,
				F873FC252968168400DED219 /* Frameworks */,
				F873FC262968168400DED219 /* Resources */,
				F873FC4F296816D300DED219 /* Embed Foundation Extensions */,
			);
			buildRules = (
			);
			dependencies = (
				F873FC4A296816D300DED219 /* PBXTargetDependency */,
			);
			name = WidgetTest;
			productName = WidgetTest;
			productReference = F873FC282968168400DED219 /* WidgetTest.app */;
			productType = "com.apple.product-type.application";
		};
		F873FC3C296816D200DED219 /* WidgetStaticTestExtension */ = {
			isa = PBXNativeTarget;
			buildConfigurationList = F873FC4C296816D300DED219 /* Build configuration list for PBXNativeTarget "WidgetStaticTestExtension" */;
			buildPhases = (
				F873FC39296816D200DED219 /* Sources */,
				F873FC3A296816D200DED219 /* Frameworks */,
				F873FC3B296816D200DED219 /* Resources */,
			);
			buildRules = (
			);
			dependencies = (
			);
			name = WidgetStaticTestExtension;
			productName = WidgetStaticTestExtension;
			productReference = F873FC3D296816D200DED219 /* WidgetStaticTestExtension.appex */;
			productType = "com.apple.product-type.app-extension";
		};
/* End PBXNativeTarget section */

/* Begin PBXProject section */
		F873FC202968168400DED219 /* Project object */ = {
			isa = PBXProject;
			attributes = {
				BuildIndependentTargetsInParallel = 1;
				LastSwiftUpdateCheck = 1400;
				LastUpgradeCheck = 1400;
				TargetAttributes = {
					F873FC272968168400DED219 = {
						CreatedOnToolsVersion = 14.0.1;
					};
					F873FC3C296816D200DED219 = {
						CreatedOnToolsVersion = 14.0.1;
					};
				};
			};
			buildConfigurationList = F873FC232968168400DED219 /* Build configuration list for PBXProject "WidgetTest" */;
			compatibilityVersion = "Xcode 14.0";
			developmentRegion = en;
			hasScannedForEncodings = 0;
			knownRegions = (
				en,
				Base,
			);
			mainGroup = F873FC1F2968168400DED219;
			productRefGroup = F873FC292968168400DED219 /* Products */;
			projectDirPath = "";
			projectRoot = "";
			targets = (
				F873FC272968168400DED219 /* WidgetTest */,
				F873FC3C296816D200DED219 /* WidgetStaticTestExtension */,
			);
		};
/* End PBXProject section */

/* Begin PBXResourcesBuildPhase section */
		F873FC262968168400DED219 /* Resources */ = {
			isa = PBXResourcesBuildPhase;
			buildActionMask = 2147483647;
			files = (
				F873FC332968168500DED219 /* Preview Assets.xcassets in Resources */,
				F873FC302968168500DED219 /* Assets.xcassets in Resources */,
			);
			runOnlyForDeploymentPostprocessing = 0;
		};
		F873FC3B296816D200DED219 /* Resources */ = {
			isa = PBXResourcesBuildPhase;
			buildActionMask = 2147483647;
			files = (
				F873FC47296816D300DED219 /* Assets.xcassets in Resources */,
			);
			runOnlyForDeploymentPostprocessing = 0;
		};
/* End PBXResourcesBuildPhase section */

/* Begin PBXSourcesBuildPhase section */
		F873FC242968168400DED219 /* Sources */ = {
			isa = PBXSourcesBuildPhase;
			buildActionMask = 2147483647;
			files = (
				F873FC512968187B00DED219 /* WidgetContent.swift in Sources */,
				F873FC582968369400DED219 /* ContentManager.swift in Sources */,
				F873FC2E2968168400DED219 /* ContentView.swift in Sources */,
				F873FC5A29686B4000DED219 /* DeepLinkView.swift in Sources */,
				F873FC2C2968168400DED219 /* WidgetTestApp.swift in Sources */,
			);
			runOnlyForDeploymentPostprocessing = 0;
		};
		F873FC39296816D200DED219 /* Sources */ = {
			isa = PBXSourcesBuildPhase;
			buildActionMask = 2147483647;
			files = (
				F873FC45296816D200DED219 /* WidgetStaticTest.swift in Sources */,
				F873FC522968187B00DED219 /* WidgetContent.swift in Sources */,
				F873FC54296818A800DED219 /* EntryView.swift in Sources */,
			);
			runOnlyForDeploymentPostprocessing = 0;
		};
/* End PBXSourcesBuildPhase section */

/* Begin PBXTargetDependency section */
		F873FC4A296816D300DED219 /* PBXTargetDependency */ = {
			isa = PBXTargetDependency;
			target = F873FC3C296816D200DED219 /* WidgetStaticTestExtension */;
			targetProxy = F873FC49296816D300DED219 /* PBXContainerItemProxy */;
		};
/* End PBXTargetDependency section */

/* Begin XCBuildConfiguration section */
		F873FC342968168500DED219 /* Debug */ = {
			isa = XCBuildConfiguration;
			buildSettings = {
				ALWAYS_SEARCH_USER_PATHS = NO;
				CLANG_ANALYZER_NONNULL = YES;
				CLANG_ANALYZER_NUMBER_OBJECT_CONVERSION = YES_AGGRESSIVE;
				CLANG_CXX_LANGUAGE_STANDARD = "gnu++20";
				CLANG_ENABLE_MODULES = YES;
				CLANG_ENABLE_OBJC_ARC = YES;
				CLANG_ENABLE_OBJC_WEAK = YES;
				CLANG_WARN_BLOCK_CAPTURE_AUTORELEASING = YES;
				CLANG_WARN_BOOL_CONVERSION = YES;
				CLANG_WARN_COMMA = YES;
				CLANG_WARN_CONSTANT_CONVERSION = YES;
				CLANG_WARN_DEPRECATED_OBJC_IMPLEMENTATIONS = YES;
				CLANG_WARN_DIRECT_OBJC_ISA_USAGE = YES_ERROR;
				CLANG_WARN_DOCUMENTATION_COMMENTS = YES;
				CLANG_WARN_EMPTY_BODY = YES;
				CLANG_WARN_ENUM_CONVERSION = YES;
				CLANG_WARN_INFINITE_RECURSION = YES;
				CLANG_WARN_INT_CONVERSION = YES;
				CLANG_WARN_NON_LITERAL_NULL_CONVERSION = YES;
				CLANG_WARN_OBJC_IMPLICIT_RETAIN_SELF = YES;
				CLANG_WARN_OBJC_LITERAL_CONVERSION = YES;
				CLANG_WARN_OBJC_ROOT_CLASS = YES_ERROR;
				CLANG_WARN_QUOTED_INCLUDE_IN_FRAMEWORK_HEADER = YES;
				CLANG_WARN_RANGE_LOOP_ANALYSIS = YES;
				CLANG_WARN_STRICT_PROTOTYPES = YES;
				CLANG_WARN_SUSPICIOUS_MOVE = YES;
				CLANG_WARN_UNGUARDED_AVAILABILITY = YES_AGGRESSIVE;
				CLANG_WARN_UNREACHABLE_CODE = YES;
				CLANG_WARN__DUPLICATE_METHOD_MATCH = YES;
				COPY_PHASE_STRIP = NO;
				DEBUG_INFORMATION_FORMAT = dwarf;
				ENABLE_STRICT_OBJC_MSGSEND = YES;
				ENABLE_TESTABILITY = YES;
				GCC_C_LANGUAGE_STANDARD = gnu11;
				GCC_DYNAMIC_NO_PIC = NO;
				GCC_NO_COMMON_BLOCKS = YES;
				GCC_OPTIMIZATION_LEVEL = 0;
				GCC_PREPROCESSOR_DEFINITIONS = (
					"DEBUG=1",
					"$(inherited)",
				);
				GCC_WARN_64_TO_32_BIT_CONVERSION = YES;
				GCC_WARN_ABOUT_RETURN_TYPE = YES_ERROR;
				GCC_WARN_UNDECLARED_SELECTOR = YES;
				GCC_WARN_UNINITIALIZED_AUTOS = YES_AGGRESSIVE;
				GCC_WARN_UNUSED_FUNCTION = YES;
				GCC_WARN_UNUSED_VARIABLE = YES;
				IPHONEOS_DEPLOYMENT_TARGET = 16.0;
				MTL_ENABLE_DEBUG_INFO = INCLUDE_SOURCE;
				MTL_FAST_MATH = YES;
				ONLY_ACTIVE_ARCH = YES;
				SDKROOT = iphoneos;
				SWIFT_ACTIVE_COMPILATION_CONDITIONS = DEBUG;
				SWIFT_OPTIMIZATION_LEVEL = "-Onone";
			};
			name = Debug;
		};
		F873FC352968168500DED219 /* Release */ = {
			isa = XCBuildConfiguration;
			buildSettings = {
				ALWAYS_SEARCH_USER_PATHS = NO;
				CLANG_ANALYZER_NONNULL = YES;
				CLANG_ANALYZER_NUMBER_OBJECT_CONVERSION = YES_AGGRESSIVE;
				CLANG_CXX_LANGUAGE_STANDARD = "gnu++20";
				CLANG_ENABLE_MODULES = YES;
				CLANG_ENABLE_OBJC_ARC = YES;
				CLANG_ENABLE_OBJC_WEAK = YES;
				CLANG_WARN_BLOCK_CAPTURE_AUTORELEASING = YES;
				CLANG_WARN_BOOL_CONVERSION = YES;
				CLANG_WARN_COMMA = YES;
				CLANG_WARN_CONSTANT_CONVERSION = YES;
				CLANG_WARN_DEPRECATED_OBJC_IMPLEMENTATIONS = YES;
				CLANG_WARN_DIRECT_OBJC_ISA_USAGE = YES_ERROR;
				CLANG_WARN_DOCUMENTATION_COMMENTS = YES;
				CLANG_WARN_EMPTY_BODY = YES;
				CLANG_WARN_ENUM_CONVERSION = YES;
				CLANG_WARN_INFINITE_RECURSION = YES;
				CLANG_WARN_INT_CONVERSION = YES;
				CLANG_WARN_NON_LITERAL_NULL_CONVERSION = YES;
				CLANG_WARN_OBJC_IMPLICIT_RETAIN_SELF = YES;
				CLANG_WARN_OBJC_LITERAL_CONVERSION = YES;
				CLANG_WARN_OBJC_ROOT_CLASS = YES_ERROR;
				CLANG_WARN_QUOTED_INCLUDE_IN_FRAMEWORK_HEADER = YES;
				CLANG_WARN_RANGE_LOOP_ANALYSIS = YES;
				CLANG_WARN_STRICT_PROTOTYPES = YES;
				CLANG_WARN_SUSPICIOUS_MOVE = YES;
				CLANG_WARN_UNGUARDED_AVAILABILITY = YES_AGGRESSIVE;
				CLANG_WARN_UNREACHABLE_CODE = YES;
				CLANG_WARN__DUPLICATE_METHOD_MATCH = YES;
				COPY_PHASE_STRIP = NO;
				DEBUG_INFORMATION_FORMAT = "dwarf-with-dsym";
				ENABLE_NS_ASSERTIONS = NO;
				ENABLE_STRICT_OBJC_MSGSEND = YES;
				GCC_C_LANGUAGE_STANDARD = gnu11;
				GCC_NO_COMMON_BLOCKS = YES;
				GCC_WARN_64_TO_32_BIT_CONVERSION = YES;
				GCC_WARN_ABOUT_RETURN_TYPE = YES_ERROR;
				GCC_WARN_UNDECLARED_SELECTOR = YES;
				GCC_WARN_UNINITIALIZED_AUTOS = YES_AGGRESSIVE;
				GCC_WARN_UNUSED_FUNCTION = YES;
				GCC_WARN_UNUSED_VARIABLE = YES;
				IPHONEOS_DEPLOYMENT_TARGET = 16.0;
				MTL_ENABLE_DEBUG_INFO = NO;
				MTL_FAST_MATH = YES;
				SDKROOT = iphoneos;
				SWIFT_COMPILATION_MODE = wholemodule;
				SWIFT_OPTIMIZATION_LEVEL = "-O";
				VALIDATE_PRODUCT = YES;
			};
			name = Release;
		};
		F873FC372968168500DED219 /* Debug */ = {
			isa = XCBuildConfiguration;
			buildSettings = {
				ALWAYS_EMBED_SWIFT_STANDARD_LIBRARIES = YES;
				ASSETCATALOG_COMPILER_APPICON_NAME = AppIcon;
				ASSETCATALOG_COMPILER_GLOBAL_ACCENT_COLOR_NAME = AccentColor;
				CODE_SIGN_ENTITLEMENTS = WidgetTest/WidgetTest.entitlements;
				CODE_SIGN_STYLE = Automatic;
				CURRENT_PROJECT_VERSION = 1;
				DEVELOPMENT_ASSET_PATHS = "\"WidgetTest/Preview Content\"";
				DEVELOPMENT_TEAM = S3MX2GB5D3;
				ENABLE_PREVIEWS = YES;
				GENERATE_INFOPLIST_FILE = YES;
				INFOPLIST_KEY_UIApplicationSceneManifest_Generation = YES;
				INFOPLIST_KEY_UIApplicationSupportsIndirectInputEvents = YES;
				INFOPLIST_KEY_UILaunchScreen_Generation = YES;
				INFOPLIST_KEY_UISupportedInterfaceOrientations_iPad = "UIInterfaceOrientationPortrait UIInterfaceOrientationPortraitUpsideDown UIInterfaceOrientationLandscapeLeft UIInterfaceOrientationLandscapeRight";
				INFOPLIST_KEY_UISupportedInterfaceOrientations_iPhone = "UIInterfaceOrientationPortrait UIInterfaceOrientationLandscapeLeft UIInterfaceOrientationLandscapeRight";
				LD_RUNPATH_SEARCH_PATHS = (
					"$(inherited)",
					"@executable_path/Frameworks",
				);
				MARKETING_VERSION = 1.0;
				PRODUCT_BUNDLE_IDENTIFIER = com.quentindeschamps.WidgetTest;
				PRODUCT_NAME = "$(TARGET_NAME)";
				SWIFT_EMIT_LOC_STRINGS = YES;
				SWIFT_VERSION = 5.0;
				TARGETED_DEVICE_FAMILY = "1,2";
			};
			name = Debug;
		};
		F873FC382968168500DED219 /* Release */ = {
			isa = XCBuildConfiguration;
			buildSettings = {
				ALWAYS_EMBED_SWIFT_STANDARD_LIBRARIES = YES;
				ASSETCATALOG_COMPILER_APPICON_NAME = AppIcon;
				ASSETCATALOG_COMPILER_GLOBAL_ACCENT_COLOR_NAME = AccentColor;
				CODE_SIGN_ENTITLEMENTS = WidgetTest/WidgetTest.entitlements;
				CODE_SIGN_STYLE = Automatic;
				CURRENT_PROJECT_VERSION = 1;
				DEVELOPMENT_ASSET_PATHS = "\"WidgetTest/Preview Content\"";
				DEVELOPMENT_TEAM = S3MX2GB5D3;
				ENABLE_PREVIEWS = YES;
				GENERATE_INFOPLIST_FILE = YES;
				INFOPLIST_KEY_UIApplicationSceneManifest_Generation = YES;
				INFOPLIST_KEY_UIApplicationSupportsIndirectInputEvents = YES;
				INFOPLIST_KEY_UILaunchScreen_Generation = YES;
				INFOPLIST_KEY_UISupportedInterfaceOrientations_iPad = "UIInterfaceOrientationPortrait UIInterfaceOrientationPortraitUpsideDown UIInterfaceOrientationLandscapeLeft UIInterfaceOrientationLandscapeRight";
				INFOPLIST_KEY_UISupportedInterfaceOrientations_iPhone = "UIInterfaceOrientationPortrait UIInterfaceOrientationLandscapeLeft UIInterfaceOrientationLandscapeRight";
				LD_RUNPATH_SEARCH_PATHS = (
					"$(inherited)",
					"@executable_path/Frameworks",
				);
				MARKETING_VERSION = 1.0;
				PRODUCT_BUNDLE_IDENTIFIER = com.quentindeschamps.WidgetTest;
				PRODUCT_NAME = "$(TARGET_NAME)";
				SWIFT_EMIT_LOC_STRINGS = YES;
				SWIFT_VERSION = 5.0;
				TARGETED_DEVICE_FAMILY = "1,2";
			};
			name = Release;
		};
		F873FC4D296816D300DED219 /* Debug */ = {
			isa = XCBuildConfiguration;
			buildSettings = {
				ASSETCATALOG_COMPILER_GLOBAL_ACCENT_COLOR_NAME = AccentColor;
				ASSETCATALOG_COMPILER_WIDGET_BACKGROUND_COLOR_NAME = WidgetBackground;
				CODE_SIGN_ENTITLEMENTS = WidgetStaticTestExtension.entitlements;
				CODE_SIGN_STYLE = Automatic;
				CURRENT_PROJECT_VERSION = 1;
				DEVELOPMENT_TEAM = S3MX2GB5D3;
				GENERATE_INFOPLIST_FILE = YES;
				INFOPLIST_FILE = WidgetStaticTest/Info.plist;
				INFOPLIST_KEY_CFBundleDisplayName = WidgetStaticTest;
				INFOPLIST_KEY_NSHumanReadableCopyright = "";
				LD_RUNPATH_SEARCH_PATHS = (
					"$(inherited)",
					"@executable_path/Frameworks",
					"@executable_path/../../Frameworks",
				);
				MARKETING_VERSION = 1.0;
				PRODUCT_BUNDLE_IDENTIFIER = com.quentindeschamps.WidgetTest.WidgetStaticTest;
				PRODUCT_NAME = "$(TARGET_NAME)";
				SKIP_INSTALL = YES;
				SWIFT_EMIT_LOC_STRINGS = YES;
				SWIFT_VERSION = 5.0;
				TARGETED_DEVICE_FAMILY = "1,2";
			};
			name = Debug;
		};
		F873FC4E296816D300DED219 /* Release */ = {
			isa = XCBuildConfiguration;
			buildSettings = {
				ASSETCATALOG_COMPILER_GLOBAL_ACCENT_COLOR_NAME = AccentColor;
				ASSETCATALOG_COMPILER_WIDGET_BACKGROUND_COLOR_NAME = WidgetBackground;
				CODE_SIGN_ENTITLEMENTS = WidgetStaticTestExtension.entitlements;
				CODE_SIGN_STYLE = Automatic;
				CURRENT_PROJECT_VERSION = 1;
				DEVELOPMENT_TEAM = S3MX2GB5D3;
				GENERATE_INFOPLIST_FILE = YES;
				INFOPLIST_FILE = WidgetStaticTest/Info.plist;
				INFOPLIST_KEY_CFBundleDisplayName = WidgetStaticTest;
				INFOPLIST_KEY_NSHumanReadableCopyright = "";
				LD_RUNPATH_SEARCH_PATHS = (
					"$(inherited)",
					"@executable_path/Frameworks",
					"@executable_path/../../Frameworks",
				);
				MARKETING_VERSION = 1.0;
				PRODUCT_BUNDLE_IDENTIFIER = com.quentindeschamps.WidgetTest.WidgetStaticTest;
				PRODUCT_NAME = "$(TARGET_NAME)";
				SKIP_INSTALL = YES;
				SWIFT_EMIT_LOC_STRINGS = YES;
				SWIFT_VERSION = 5.0;
				TARGETED_DEVICE_FAMILY = "1,2";
			};
			name = Release;
		};
/* End XCBuildConfiguration section */

/* Begin XCConfigurationList section */
		F873FC232968168400DED219 /* Build configuration list for PBXProject "WidgetTest" */ = {
			isa = XCConfigurationList;
			buildConfigurations = (
				F873FC342968168500DED219 /* Debug */,
				F873FC352968168500DED219 /* Release */,
			);
			defaultConfigurationIsVisible = 0;
			defaultConfigurationName = Release;
		};
		F873FC362968168500DED219 /* Build configuration list for PBXNativeTarget "WidgetTest" */ = {
			isa = XCConfigurationList;
			buildConfigurations = (
				F873FC372968168500DED219 /* Debug */,
				F873FC382968168500DED219 /* Release */,
			);
			defaultConfigurationIsVisible = 0;
			defaultConfigurationName = Release;
		};
		F873FC4C296816D300DED219 /* Build configuration list for PBXNativeTarget "WidgetStaticTestExtension" */ = {
			isa = XCConfigurationList;
			buildConfigurations = (
				F873FC4D296816D300DED219 /* Debug */,
				F873FC4E296816D300DED219 /* Release */,
			);
			defaultConfigurationIsVisible = 0;
			defaultConfigurationName = Release;
		};
/* End XCConfigurationList section */
	};
	rootObject = F873FC202968168400DED219 /* Project object */;
}
